<Solution>
  <Project Path="FCanteen.ConsoleApp/FCanteen.ConsoleApp.csproj" />
  <Project Path="FCanteen.Data/FCanteen.Data.csproj" />
  <Project Path="FCanteen.KitchenServer/FCanteen.KitchenServer.csproj" />
  <Project Path="FCanteen.PosClient/FCanteen.PosClient.csproj" Id="74d62095-d22b-4811-b870-a095f0b29dcd" />
  <Project Path="FCanteen.Repositories/FCanteen.Repositories.csproj" />
  <Project Path="FCanteen.Services/FCanteen.Services.csproj" />
</Solution>
